
Microsoft Visual Studio Solution File, Format Version 12.00
# Visual Studio Version 16
VisualStudioVersion = 16.0.30523.141
MinimumVisualStudioVersion = 10.0.40219.1
Project("{9A19103F-16F7-4668-BE54-9A1E7A4F7556}") = "TodoApi", "TodoApi.csproj", "{BBE930C3-948C-4184-80BB-9BE6E4470C7E}"
EndProject
Global
	GlobalSection(SolutionConfigurationPlatforms) = preSolution
		Debug|Any CPU = Debug|Any CPU
		Release|Any CPU = Release|Any CPU
	EndGlobalSection
	GlobalSection(ProjectConfigurationPlatforms) = postSolution
		{BBE930C3-948C-4184-80BB-9BE6E4470C7E}.Debug|Any CPU.ActiveCfg = Debug|Any CPU
		{BBE930C3-948C-4184-80BB-9BE6E4470C7E}.Debug|Any CPU.Build.0 = Debug|Any CPU
		{BBE930C3-948C-4184-80BB-9BE6E4470C7E}.Release|Any CPU.ActiveCfg = Release|Any CPU
		{BBE930C3-948C-4184-80BB-9BE6E4470C7E}.Release|Any CPU.Build.0 = Release|Any CPU
	EndGlobalSection
	GlobalSection(SolutionProperties) = preSolution
		HideSolutionNode = FALSE
	EndGlobalSection
	GlobalSection(ExtensibilityGlobals) = postSolution
		SolutionGuid = {D03124A0-39DA-47C9-961A-34ECD294E4C3}
	EndGlobalSection
EndGlobal
